{
  "pins" : [
    {
      "identity" : "poppler",
      "kind" : "remoteSourceControl",
      "location" : "https://github.com/AthanasiusOfAlex/Poppler.git",
      "state" : {
        "branch" : "master",
        "revision" : "bc32aa350e5fbecdf694da6688ccec0ad762fcd2"
      }
    }
  ],
  "version" : 2
}
